
Microsoft Visual Studio Solution File, Format Version 12.00
# Visual Studio Version 17
VisualStudioVersion = 17.0.32112.339
MinimumVisualStudioVersion = 10.0.40219.1
Project("{FAE04EC0-301F-11D3-BF4B-00C04F79EFBC}") = "Primeflix", "Primeflix\Primeflix.csproj", "{29D7E3FB-596C-42ED-8D49-C6879E8BAF33}"
EndProject
Global
	GlobalSection(SolutionConfigurationPlatforms) = preSolution
		Debug|Any CPU = Debug|Any CPU
		Release|Any CPU = Release|Any CPU
	EndGlobalSection
	GlobalSection(ProjectConfigurationPlatforms) = postSolution
		{29D7E3FB-596C-42ED-8D49-C6879E8BAF33}.Debug|Any CPU.ActiveCfg = Debug|Any CPU
		{29D7E3FB-596C-42ED-8D49-C6879E8BAF33}.Debug|Any CPU.Build.0 = Debug|Any CPU
		{29D7E3FB-596C-42ED-8D49-C6879E8BAF33}.Release|Any CPU.ActiveCfg = Release|Any CPU
		{29D7E3FB-596C-42ED-8D49-C6879E8BAF33}.Release|Any CPU.Build.0 = Release|Any CPU
	EndGlobalSection
	GlobalSection(SolutionProperties) = preSolution
		HideSolutionNode = FALSE
	EndGlobalSection
	GlobalSection(ExtensibilityGlobals) = postSolution
		SolutionGuid = {77ABA382-1638-4606-AE70-358D7E949DA3}
	EndGlobalSection
EndGlobal
